
Microsoft Visual Studio Solution File, Format Version 12.00
# Visual Studio 2012
Project("{FAE04EC0-301F-11D3-BF4B-00C04F79EFBC}") = "GCMServer", "GCMServer.csproj", "{0CE67FB6-9DFD-49D6-9180-B605DC82717B}"
EndProject
Global
	GlobalSection(SolutionConfigurationPlatforms) = preSolution
		Debug|Any CPU = Debug|Any CPU
		Release|Any CPU = Release|Any CPU
	EndGlobalSection
	GlobalSection(ProjectConfigurationPlatforms) = postSolution
		{0CE67FB6-9DFD-49D6-9180-B605DC82717B}.Debug|Any CPU.ActiveCfg = Debug|Any CPU
		{0CE67FB6-9DFD-49D6-9180-B605DC82717B}.Debug|Any CPU.Build.0 = Debug|Any CPU
		{0CE67FB6-9DFD-49D6-9180-B605DC82717B}.Release|Any CPU.ActiveCfg = Release|Any CPU
		{0CE67FB6-9DFD-49D6-9180-B605DC82717B}.Release|Any CPU.Build.0 = Release|Any CPU
	EndGlobalSection
	GlobalSection(SolutionProperties) = preSolution
		HideSolutionNode = FALSE
	EndGlobalSection
EndGlobal
